
Microsoft Visual Studio Solution File, Format Version 12.00
# Visual Studio Version 16
VisualStudioVersion = 16.0.31129.286
MinimumVisualStudioVersion = 10.0.40219.1
Project("{9A19103F-16F7-4668-BE54-9A1E7A4F7556}") = "SampleApi", "ApiTutorial\SampleApi.csproj", "{3E816E0B-1C8E-4DCB-934D-1DCE6C32AE0F}"
EndProject
Global
	GlobalSection(SolutionConfigurationPlatforms) = preSolution
		Debug|Any CPU = Debug|Any CPU
		Release|Any CPU = Release|Any CPU
	EndGlobalSection
	GlobalSection(ProjectConfigurationPlatforms) = postSolution
		{3E816E0B-1C8E-4DCB-934D-1DCE6C32AE0F}.Debug|Any CPU.ActiveCfg = Debug|Any CPU
		{3E816E0B-1C8E-4DCB-934D-1DCE6C32AE0F}.Debug|Any CPU.Build.0 = Debug|Any CPU
		{3E816E0B-1C8E-4DCB-934D-1DCE6C32AE0F}.Release|Any CPU.ActiveCfg = Release|Any CPU
		{3E816E0B-1C8E-4DCB-934D-1DCE6C32AE0F}.Release|Any CPU.Build.0 = Release|Any CPU
	EndGlobalSection
	GlobalSection(SolutionProperties) = preSolution
		HideSolutionNode = FALSE
	EndGlobalSection
	GlobalSection(ExtensibilityGlobals) = postSolution
		SolutionGuid = {C31946D3-B3A2-4CBF-8FB5-A104378F892B}
	EndGlobalSection
EndGlobal
